
Microsoft Visual Studio Solution File, Format Version 12.00
# Visual Studio 14
VisualStudioVersion = 14.0.25420.1
MinimumVisualStudioVersion = 10.0.40219.1
Project("{FAE04EC0-301F-11D3-BF4B-00C04F79EFBC}") = "BarcodeScanner", "SQLTest\SQLTest\BarcodeScanner.csproj", "{8DC72459-F69F-4149-B76B-D8582C1B7CEF}"
EndProject
Project("{FAE04EC0-301F-11D3-BF4B-00C04F79EFBC}") = "BarcodeScanner.Droid", "SQLTest\SQLTest.Droid\BarcodeScanner.Droid.csproj", "{8D9F614F-8821-4583-9992-EC25740FFD74}"
EndProject
Project("{FAE04EC0-301F-11D3-BF4B-00C04F79EFBC}") = "BarcodeScanner.iOS", "SQLTest\SQLTest.iOS\BarcodeScanner.iOS.csproj", "{C1A2A40D-C3D0-4A2A-B391-D57C3109916F}"
EndProject
Project("{FAE04EC0-301F-11D3-BF4B-00C04F79EFBC}") = "BarcodeScanner.WinPhone", "SQLTest\SQLTest.WinPhone\BarcodeScanner.WinPhone.csproj", "{1440912C-C6BC-4723-85E0-966FA182BC5F}"
EndProject
Project("{FAE04EC0-301F-11D3-BF4B-00C04F79EFBC}") = "BarcodeScanner.Windows", "SQLTest\SQLTest.Windows\BarcodeScanner.Windows.csproj", "{CD74A140-F7A7-460E-A30B-22A181BA03BE}"
EndProject
Global
	GlobalSection(SolutionConfigurationPlatforms) = preSolution
		Ad-Hoc|Any CPU = Ad-Hoc|Any CPU
		Ad-Hoc|ARM = Ad-Hoc|ARM
		Ad-Hoc|iPhone = Ad-Hoc|iPhone
		Ad-Hoc|iPhoneSimulator = Ad-Hoc|iPhoneSimulator
		Ad-Hoc|x64 = Ad-Hoc|x64
		Ad-Hoc|x86 = Ad-Hoc|x86
		AppStore|Any CPU = AppStore|Any CPU
		AppStore|ARM = AppStore|ARM
		AppStore|iPhone = AppStore|iPhone
		AppStore|iPhoneSimulator = AppStore|iPhoneSimulator
		AppStore|x64 = AppStore|x64
		AppStore|x86 = AppStore|x86
		Debug|Any CPU = Debug|Any CPU
		Debug|ARM = Debug|ARM
		Debug|iPhone = Debug|iPhone
		Debug|iPhoneSimulator = Debug|iPhoneSimulator
		Debug|x64 = Debug|x64
		Debug|x86 = Debug|x86
		Release|Any CPU = Release|Any CPU
		Release|ARM = Release|ARM
		Release|iPhone = Release|iPhone
		Release|iPhoneSimulator = Release|iPhoneSimulator
		Release|x64 = Release|x64
		Release|x86 = Release|x86
	EndGlobalSection
	GlobalSection(ProjectConfigurationPlatforms) = postSolution
		{8DC72459-F69F-4149-B76B-D8582C1B7CEF}.Ad-Hoc|Any CPU.ActiveCfg = Release|Any CPU
		{8DC72459-F69F-4149-B76B-D8582C1B7CEF}.Ad-Hoc|Any CPU.Build.0 = Release|Any CPU
		{8DC72459-F69F-4149-B76B-D8582C1B7CEF}.Ad-Hoc|ARM.ActiveCfg = Release|Any CPU
		{8DC72459-F69F-4149-B76B-D8582C1B7CEF}.Ad-Hoc|ARM.Build.0 = Release|Any CPU
		{8DC72459-F69F-4149-B76B-D8582C1B7CEF}.Ad-Hoc|iPhone.ActiveCfg = Release|Any CPU
		{8DC72459-F69F-4149-B76B-D8582C1B7CEF}.Ad-Hoc|iPhone.Build.0 = Release|Any CPU
		{8DC72459-F69F-4149-B76B-D8582C1B7CEF}.Ad-Hoc|iPhoneSimulator.ActiveCfg = Release|Any CPU
		{8DC72459-F69F-4149-B76B-D8582C1B7CEF}.Ad-Hoc|iPhoneSimulator.Build.0 = Release|Any CPU
		{8DC72459-F69F-4149-B76B-D8582C1B7CEF}.Ad-Hoc|x64.ActiveCfg = Release|Any CPU
		{8DC72459-F69F-4149-B76B-D8582C1B7CEF}.Ad-Hoc|x64.Build.0 = Release|Any CPU
		{8DC72459-F69F-4149-B76B-D8582C1B7CEF}.Ad-Hoc|x86.ActiveCfg = Release|Any CPU
		{8DC72459-F69F-4149-B76B-D8582C1B7CEF}.Ad-Hoc|x86.Build.0 = Release|Any CPU
		{8DC72459-F69F-4149-B76B-D8582C1B7CEF}.AppStore|Any CPU.ActiveCfg = Release|Any CPU
		{8DC72459-F69F-4149-B76B-D8582C1B7CEF}.AppStore|Any CPU.Build.0 = Release|Any CPU
		{8DC72459-F69F-4149-B76B-D8582C1B7CEF}.AppStore|ARM.ActiveCfg = Release|Any CPU
		{8DC72459-F69F-4149-B76B-D8582C1B7CEF}.AppStore|ARM.Build.0 = Release|Any CPU
		{8DC72459-F69F-4149-B76B-D8582C1B7CEF}.AppStore|iPhone.ActiveCfg = Release|Any CPU
		{8DC72459-F69F-4149-B76B-D8582C1B7CEF}.AppStore|iPhone.Build.0 = Release|Any CPU
		{8DC72459-F69F-4149-B76B-D8582C1B7CEF}.AppStore|iPhoneSimulator.ActiveCfg = Release|Any CPU
		{8DC72459-F69F-4149-B76B-D8582C1B7CEF}.AppStore|iPhoneSimulator.Build.0 = Release|Any CPU
		{8DC72459-F69F-4149-B76B-D8582C1B7CEF}.AppStore|x64.ActiveCfg = Release|Any CPU
		{8DC72459-F69F-4149-B76B-D8582C1B7CEF}.AppStore|x64.Build.0 = Release|Any CPU
		{8DC72459-F69F-4149-B76B-D8582C1B7CEF}.AppStore|x86.ActiveCfg = Release|Any CPU
		{8DC72459-F69F-4149-B76B-D8582C1B7CEF}.AppStore|x86.Build.0 = Release|Any CPU
		{8DC72459-F69F-4149-B76B-D8582C1B7CEF}.Debug|Any CPU.ActiveCfg = Debug|Any CPU
		{8DC72459-F69F-4149-B76B-D8582C1B7CEF}.Debug|Any CPU.Build.0 = Debug|Any CPU
		{8DC72459-F69F-4149-B76B-D8582C1B7CEF}.Debug|ARM.ActiveCfg = Debug|Any CPU
		{8DC72459-F69F-4149-B76B-D8582C1B7CEF}.Debug|ARM.Build.0 = Debug|Any CPU
		{8DC72459-F69F-4149-B76B-D8582C1B7CEF}.Debug|iPhone.ActiveCfg = Debug|Any CPU
		{8DC72459-F69F-4149-B76B-D8582C1B7CEF}.Debug|iPhone.Build.0 = Debug|Any CPU
		{8DC72459-F69F-4149-B76B-D8582C1B7CEF}.Debug|iPhoneSimulator.ActiveCfg = Debug|Any CPU
		{8DC72459-F69F-4149-B76B-D8582C1B7CEF}.Debug|iPhoneSimulator.Build.0 = Debug|Any CPU
		{8DC72459-F69F-4149-B76B-D8582C1B7CEF}.Debug|x64.ActiveCfg = Debug|Any CPU
		{8DC72459-F69F-4149-B76B-D8582C1B7CEF}.Debug|x64.Build.0 = Debug|Any CPU
		{8DC72459-F69F-4149-B76B-D8582C1B7CEF}.Debug|x86.ActiveCfg = Debug|Any CPU
		{8DC72459-F69F-4149-B76B-D8582C1B7CEF}.Debug|x86.Build.0 = Debug|Any CPU
		{8DC72459-F69F-4149-B76B-D8582C1B7CEF}.Release|Any CPU.ActiveCfg = Release|Any CPU
		{8DC72459-F69F-4149-B76B-D8582C1B7CEF}.Release|Any CPU.Build.0 = Release|Any CPU
		{8DC72459-F69F-4149-B76B-D8582C1B7CEF}.Release|ARM.ActiveCfg = Release|Any CPU
		{8DC72459-F69F-4149-B76B-D8582C1B7CEF}.Release|ARM.Build.0 = Release|Any CPU
		{8DC72459-F69F-4149-B76B-D8582C1B7CEF}.Release|iPhone.ActiveCfg = Release|Any CPU
		{8DC72459-F69F-4149-B76B-D8582C1B7CEF}.Release|iPhone.Build.0 = Release|Any CPU
		{8DC72459-F69F-4149-B76B-D8582C1B7CEF}.Release|iPhoneSimulator.ActiveCfg = Release|Any CPU
		{8DC72459-F69F-4149-B76B-D8582C1B7CEF}.Release|iPhoneSimulator.Build.0 = Release|Any CPU
		{8DC72459-F69F-4149-B76B-D8582C1B7CEF}.Release|x64.ActiveCfg = Release|Any CPU
		{8DC72459-F69F-4149-B76B-D8582C1B7CEF}.Release|x64.Build.0 = Release|Any CPU
		{8DC72459-F69F-4149-B76B-D8582C1B7CEF}.Release|x86.ActiveCfg = Release|Any CPU
		{8DC72459-F69F-4149-B76B-D8582C1B7CEF}.Release|x86.Build.0 = Release|Any CPU
		{8D9F614F-8821-4583-9992-EC25740FFD74}.Ad-Hoc|Any CPU.ActiveCfg = Release|Any CPU
		{8D9F614F-8821-4583-9992-EC25740FFD74}.Ad-Hoc|Any CPU.Build.0 = Release|Any CPU
		{8D9F614F-8821-4583-9992-EC25740FFD74}.Ad-Hoc|Any CPU.Deploy.0 = Release|Any CPU
		{8D9F614F-8821-4583-9992-EC25740FFD74}.Ad-Hoc|ARM.ActiveCfg = Release|Any CPU
		{8D9F614F-8821-4583-9992-EC25740FFD74}.Ad-Hoc|ARM.Build.0 = Release|Any CPU
		{8D9F614F-8821-4583-9992-EC25740FFD74}.Ad-Hoc|ARM.Deploy.0 = Release|Any CPU
		{8D9F614F-8821-4583-9992-EC25740FFD74}.Ad-Hoc|iPhone.ActiveCfg = Release|Any CPU
		{8D9F614F-8821-4583-9992-EC25740FFD74}.Ad-Hoc|iPhone.Build.0 = Release|Any CPU
		{8D9F614F-8821-4583-9992-EC25740FFD74}.Ad-Hoc|iPhone.Deploy.0 = Release|Any CPU
		{8D9F614F-8821-4583-9992-EC25740FFD74}.Ad-Hoc|iPhoneSimulator.ActiveCfg = Release|Any CPU
		{8D9F614F-8821-4583-9992-EC25740FFD74}.Ad-Hoc|iPhoneSimulator.Build.0 = Release|Any CPU
		{8D9F614F-8821-4583-9992-EC25740FFD74}.Ad-Hoc|iPhoneSimulator.Deploy.0 = Release|Any CPU
		{8D9F614F-8821-4583-9992-EC25740FFD74}.Ad-Hoc|x64.ActiveCfg = Release|Any CPU
		{8D9F614F-8821-4583-9992-EC25740FFD74}.Ad-Hoc|x64.Build.0 = Release|Any CPU
		{8D9F614F-8821-4583-9992-EC25740FFD74}.Ad-Hoc|x64.Deploy.0 = Release|Any CPU
		{8D9F614F-8821-4583-9992-EC25740FFD74}.Ad-Hoc|x86.ActiveCfg = Release|Any CPU
		{8D9F614F-8821-4583-9992-EC25740FFD74}.Ad-Hoc|x86.Build.0 = Release|Any CPU
		{8D9F614F-8821-4583-9992-EC25740FFD74}.Ad-Hoc|x86.Deploy.0 = Release|Any CPU
		{8D9F614F-8821-4583-9992-EC25740FFD74}.AppStore|Any CPU.ActiveCfg = Release|Any CPU
		{8D9F614F-8821-4583-9992-EC25740FFD74}.AppStore|Any CPU.Build.0 = Release|Any CPU
		{8D9F614F-8821-4583-9992-EC25740FFD74}.AppStore|Any CPU.Deploy.0 = Release|Any CPU
		{8D9F614F-8821-4583-9992-EC25740FFD74}.AppStore|ARM.ActiveCfg = Release|Any CPU
		{8D9F614F-8821-4583-9992-EC25740FFD74}.AppStore|ARM.Build.0 = Release|Any CPU
		{8D9F614F-8821-4583-9992-EC25740FFD74}.AppStore|ARM.Deploy.0 = Release|Any CPU
		{8D9F614F-8821-4583-9992-EC25740FFD74}.AppStore|iPhone.ActiveCfg = Release|Any CPU
		{8D9F614F-8821-4583-9992-EC25740FFD74}.AppStore|iPhone.Build.0 = Release|Any CPU
		{8D9F614F-8821-4583-9992-EC25740FFD74}.AppStore|iPhone.Deploy.0 = Release|Any CPU
		{8D9F614F-8821-4583-9992-EC25740FFD74}.AppStore|iPhoneSimulator.ActiveCfg = Release|Any CPU
		{8D9F614F-8821-4583-9992-EC25740FFD74}.AppStore|iPhoneSimulator.Build.0 = Release|Any CPU
		{8D9F614F-8821-4583-9992-EC25740FFD74}.AppStore|iPhoneSimulator.Deploy.0 = Release|Any CPU
		{8D9F614F-8821-4583-9992-EC25740FFD74}.AppStore|x64.ActiveCfg = Release|Any CPU
		{8D9F614F-8821-4583-9992-EC25740FFD74}.AppStore|x64.Build.0 = Release|Any CPU
		{8D9F614F-8821-4583-9992-EC25740FFD74}.AppStore|x64.Deploy.0 = Release|Any CPU
		{8D9F614F-8821-4583-9992-EC25740FFD74}.AppStore|x86.ActiveCfg = Release|Any CPU
		{8D9F614F-8821-4583-9992-EC25740FFD74}.AppStore|x86.Build.0 = Release|Any CPU
		{8D9F614F-8821-4583-9992-EC25740FFD74}.AppStore|x86.Deploy.0 = Release|Any CPU
		{8D9F614F-8821-4583-9992-EC25740FFD74}.Debug|Any CPU.ActiveCfg = Debug|Any CPU
		{8D9F614F-8821-4583-9992-EC25740FFD74}.Debug|Any CPU.Build.0 = Debug|Any CPU
		{8D9F614F-8821-4583-9992-EC25740FFD74}.Debug|Any CPU.Deploy.0 = Debug|Any CPU
		{8D9F614F-8821-4583-9992-EC25740FFD74}.Debug|ARM.ActiveCfg = Debug|Any CPU
		{8D9F614F-8821-4583-9992-EC25740FFD74}.Debug|ARM.Build.0 = Debug|Any CPU
		{8D9F614F-8821-4583-9992-EC25740FFD74}.Debug|ARM.Deploy.0 = Debug|Any CPU
		{8D9F614F-8821-4583-9992-EC25740FFD74}.Debug|iPhone.ActiveCfg = Debug|Any CPU
		{8D9F614F-8821-4583-9992-EC25740FFD74}.Debug|iPhone.Build.0 = Debug|Any CPU
		{8D9F614F-8821-4583-9992-EC25740FFD74}.Debug|iPhone.Deploy.0 = Debug|Any CPU
		{8D9F614F-8821-4583-9992-EC25740FFD74}.Debug|iPhoneSimulator.ActiveCfg = Debug|Any CPU
		{8D9F614F-8821-4583-9992-EC25740FFD74}.Debug|iPhoneSimulator.Build.0 = Debug|Any CPU
		{8D9F614F-8821-4583-9992-EC25740FFD74}.Debug|iPhoneSimulator.Deploy.0 = Debug|Any CPU
		{8D9F614F-8821-4583-9992-EC25740FFD74}.Debug|x64.ActiveCfg = Debug|Any CPU
		{8D9F614F-8821-4583-9992-EC25740FFD74}.Debug|x64.Build.0 = Debug|Any CPU
		{8D9F614F-8821-4583-9992-EC25740FFD74}.Debug|x64.Deploy.0 = Debug|Any CPU
		{8D9F614F-8821-4583-9992-EC25740FFD74}.Debug|x86.ActiveCfg = Debug|Any CPU
		{8D9F614F-8821-4583-9992-EC25740FFD74}.Debug|x86.Build.0 = Debug|Any CPU
		{8D9F614F-8821-4583-9992-EC25740FFD74}.Debug|x86.Deploy.0 = Debug|Any CPU
		{8D9F614F-8821-4583-9992-EC25740FFD74}.Release|Any CPU.ActiveCfg = Release|Any CPU
		{8D9F614F-8821-4583-9992-EC25740FFD74}.Release|Any CPU.Build.0 = Release|Any CPU
		{8D9F614F-8821-4583-9992-EC25740FFD74}.Release|Any CPU.Deploy.0 = Release|Any CPU
		{8D9F614F-8821-4583-9992-EC25740FFD74}.Release|ARM.ActiveCfg = Release|Any CPU
		{8D9F614F-8821-4583-9992-EC25740FFD74}.Release|ARM.Build.0 = Release|Any CPU
		{8D9F614F-8821-4583-9992-EC25740FFD74}.Release|ARM.Deploy.0 = Release|Any CPU
		{8D9F614F-8821-4583-9992-EC25740FFD74}.Release|iPhone.ActiveCfg = Release|Any CPU
		{8D9F614F-8821-4583-9992-EC25740FFD74}.Release|iPhone.Build.0 = Release|Any CPU
		{8D9F614F-8821-4583-9992-EC25740FFD74}.Release|iPhone.Deploy.0 = Release|Any CPU
		{8D9F614F-8821-4583-9992-EC25740FFD74}.Release|iPhoneSimulator.ActiveCfg = Release|Any CPU
		{8D9F614F-8821-4583-9992-EC25740FFD74}.Release|iPhoneSimulator.Build.0 = Release|Any CPU
		{8D9F614F-8821-4583-9992-EC25740FFD74}.Release|iPhoneSimulator.Deploy.0 = Release|Any CPU
		{8D9F614F-8821-4583-9992-EC25740FFD74}.Release|x64.ActiveCfg = Release|Any CPU
		{8D9F614F-8821-4583-9992-EC25740FFD74}.Release|x64.Build.0 = Release|Any CPU
		{8D9F614F-8821-4583-9992-EC25740FFD74}.Release|x64.Deploy.0 = Release|Any CPU
		{8D9F614F-8821-4583-9992-EC25740FFD74}.Release|x86.ActiveCfg = Release|Any CPU
		{8D9F614F-8821-4583-9992-EC25740FFD74}.Release|x86.Build.0 = Release|Any CPU
		{8D9F614F-8821-4583-9992-EC25740FFD74}.Release|x86.Deploy.0 = Release|Any CPU
		{C1A2A40D-C3D0-4A2A-B391-D57C3109916F}.Ad-Hoc|Any CPU.ActiveCfg = Ad-Hoc|iPhone
		{C1A2A40D-C3D0-4A2A-B391-D57C3109916F}.Ad-Hoc|ARM.ActiveCfg = Ad-Hoc|iPhone
		{C1A2A40D-C3D0-4A2A-B391-D57C3109916F}.Ad-Hoc|iPhone.ActiveCfg = Ad-Hoc|iPhone
		{C1A2A40D-C3D0-4A2A-B391-D57C3109916F}.Ad-Hoc|iPhone.Build.0 = Ad-Hoc|iPhone
		{C1A2A40D-C3D0-4A2A-B391-D57C3109916F}.Ad-Hoc|iPhoneSimulator.ActiveCfg = Ad-Hoc|iPhoneSimulator
		{C1A2A40D-C3D0-4A2A-B391-D57C3109916F}.Ad-Hoc|iPhoneSimulator.Build.0 = Ad-Hoc|iPhoneSimulator
		{C1A2A40D-C3D0-4A2A-B391-D57C3109916F}.Ad-Hoc|x64.ActiveCfg = Ad-Hoc|iPhone
		{C1A2A40D-C3D0-4A2A-B391-D57C3109916F}.Ad-Hoc|x86.ActiveCfg = Ad-Hoc|iPhone
		{C1A2A40D-C3D0-4A2A-B391-D57C3109916F}.AppStore|Any CPU.ActiveCfg = AppStore|iPhone
		{C1A2A40D-C3D0-4A2A-B391-D57C3109916F}.AppStore|ARM.ActiveCfg = AppStore|iPhone
		{C1A2A40D-C3D0-4A2A-B391-D57C3109916F}.AppStore|iPhone.ActiveCfg = AppStore|iPhone
		{C1A2A40D-C3D0-4A2A-B391-D57C3109916F}.AppStore|iPhone.Build.0 = AppStore|iPhone
		{C1A2A40D-C3D0-4A2A-B391-D57C3109916F}.AppStore|iPhoneSimulator.ActiveCfg = AppStore|iPhoneSimulator
		{C1A2A40D-C3D0-4A2A-B391-D57C3109916F}.AppStore|iPhoneSimulator.Build.0 = AppStore|iPhoneSimulator
		{C1A2A40D-C3D0-4A2A-B391-D57C3109916F}.AppStore|x64.ActiveCfg = AppStore|iPhone
		{C1A2A40D-C3D0-4A2A-B391-D57C3109916F}.AppStore|x86.ActiveCfg = AppStore|iPhone
		{C1A2A40D-C3D0-4A2A-B391-D57C3109916F}.Debug|Any CPU.ActiveCfg = Debug|iPhone
		{C1A2A40D-C3D0-4A2A-B391-D57C3109916F}.Debug|ARM.ActiveCfg = Debug|iPhone
		{C1A2A40D-C3D0-4A2A-B391-D57C3109916F}.Debug|iPhone.ActiveCfg = Debug|iPhone
		{C1A2A40D-C3D0-4A2A-B391-D57C3109916F}.Debug|iPhone.Build.0 = Debug|iPhone
		{C1A2A40D-C3D0-4A2A-B391-D57C3109916F}.Debug|iPhoneSimulator.ActiveCfg = Debug|iPhoneSimulator
		{C1A2A40D-C3D0-4A2A-B391-D57C3109916F}.Debug|iPhoneSimulator.Build.0 = Debug|iPhoneSimulator
		{C1A2A40D-C3D0-4A2A-B391-D57C3109916F}.Debug|x64.ActiveCfg = Debug|iPhone
		{C1A2A40D-C3D0-4A2A-B391-D57C3109916F}.Debug|x86.ActiveCfg = Debug|iPhone
		{C1A2A40D-C3D0-4A2A-B391-D57C3109916F}.Release|Any CPU.ActiveCfg = Release|iPhone
		{C1A2A40D-C3D0-4A2A-B391-D57C3109916F}.Release|ARM.ActiveCfg = Release|iPhone
		{C1A2A40D-C3D0-4A2A-B391-D57C3109916F}.Release|iPhone.ActiveCfg = Release|iPhone
		{C1A2A40D-C3D0-4A2A-B391-D57C3109916F}.Release|iPhone.Build.0 = Release|iPhone
		{C1A2A40D-C3D0-4A2A-B391-D57C3109916F}.Release|iPhoneSimulator.ActiveCfg = Release|iPhoneSimulator
		{C1A2A40D-C3D0-4A2A-B391-D57C3109916F}.Release|iPhoneSimulator.Build.0 = Release|iPhoneSimulator
		{C1A2A40D-C3D0-4A2A-B391-D57C3109916F}.Release|x64.ActiveCfg = Release|iPhone
		{C1A2A40D-C3D0-4A2A-B391-D57C3109916F}.Release|x86.ActiveCfg = Release|iPhone
		{1440912C-C6BC-4723-85E0-966FA182BC5F}.Ad-Hoc|Any CPU.ActiveCfg = Release|Any CPU
		{1440912C-C6BC-4723-85E0-966FA182BC5F}.Ad-Hoc|Any CPU.Build.0 = Release|Any CPU
		{1440912C-C6BC-4723-85E0-966FA182BC5F}.Ad-Hoc|Any CPU.Deploy.0 = Release|Any CPU
		{1440912C-C6BC-4723-85E0-966FA182BC5F}.Ad-Hoc|ARM.ActiveCfg = Release|ARM
		{1440912C-C6BC-4723-85E0-966FA182BC5F}.Ad-Hoc|ARM.Build.0 = Release|ARM
		{1440912C-C6BC-4723-85E0-966FA182BC5F}.Ad-Hoc|ARM.Deploy.0 = Release|ARM
		{1440912C-C6BC-4723-85E0-966FA182BC5F}.Ad-Hoc|iPhone.ActiveCfg = Release|Any CPU
		{1440912C-C6BC-4723-85E0-966FA182BC5F}.Ad-Hoc|iPhone.Build.0 = Release|Any CPU
		{1440912C-C6BC-4723-85E0-966FA182BC5F}.Ad-Hoc|iPhone.Deploy.0 = Release|Any CPU
		{1440912C-C6BC-4723-85E0-966FA182BC5F}.Ad-Hoc|iPhoneSimulator.ActiveCfg = Release|Any CPU
		{1440912C-C6BC-4723-85E0-966FA182BC5F}.Ad-Hoc|iPhoneSimulator.Build.0 = Release|Any CPU
		{1440912C-C6BC-4723-85E0-966FA182BC5F}.Ad-Hoc|iPhoneSimulator.Deploy.0 = Release|Any CPU
		{1440912C-C6BC-4723-85E0-966FA182BC5F}.Ad-Hoc|x64.ActiveCfg = Release|Any CPU
		{1440912C-C6BC-4723-85E0-966FA182BC5F}.Ad-Hoc|x64.Build.0 = Release|Any CPU
		{1440912C-C6BC-4723-85E0-966FA182BC5F}.Ad-Hoc|x64.Deploy.0 = Release|Any CPU
		{1440912C-C6BC-4723-85E0-966FA182BC5F}.Ad-Hoc|x86.ActiveCfg = Release|x86
		{1440912C-C6BC-4723-85E0-966FA182BC5F}.Ad-Hoc|x86.Build.0 = Release|x86
		{1440912C-C6BC-4723-85E0-966FA182BC5F}.Ad-Hoc|x86.Deploy.0 = Release|x86
		{1440912C-C6BC-4723-85E0-966FA182BC5F}.AppStore|Any CPU.ActiveCfg = Release|Any CPU
		{1440912C-C6BC-4723-85E0-966FA182BC5F}.AppStore|Any CPU.Build.0 = Release|Any CPU
		{1440912C-C6BC-4723-85E0-966FA182BC5F}.AppStore|Any CPU.Deploy.0 = Release|Any CPU
		{1440912C-C6BC-4723-85E0-966FA182BC5F}.AppStore|ARM.ActiveCfg = Release|ARM
		{1440912C-C6BC-4723-85E0-966FA182BC5F}.AppStore|ARM.Build.0 = Release|ARM
		{1440912C-C6BC-4723-85E0-966FA182BC5F}.AppStore|ARM.Deploy.0 = Release|ARM
		{1440912C-C6BC-4723-85E0-966FA182BC5F}.AppStore|iPhone.ActiveCfg = Release|Any CPU
		{1440912C-C6BC-4723-85E0-966FA182BC5F}.AppStore|iPhone.Build.0 = Release|Any CPU
		{1440912C-C6BC-4723-85E0-966FA182BC5F}.AppStore|iPhone.Deploy.0 = Release|Any CPU
		{1440912C-C6BC-4723-85E0-966FA182BC5F}.AppStore|iPhoneSimulator.ActiveCfg = Release|Any CPU
		{1440912C-C6BC-4723-85E0-966FA182BC5F}.AppStore|iPhoneSimulator.Build.0 = Release|Any CPU
		{1440912C-C6BC-4723-85E0-966FA182BC5F}.AppStore|iPhoneSimulator.Deploy.0 = Release|Any CPU
		{1440912C-C6BC-4723-85E0-966FA182BC5F}.AppStore|x64.ActiveCfg = Release|Any CPU
		{1440912C-C6BC-4723-85E0-966FA182BC5F}.AppStore|x64.Build.0 = Release|Any CPU
		{1440912C-C6BC-4723-85E0-966FA182BC5F}.AppStore|x64.Deploy.0 = Release|Any CPU
		{1440912C-C6BC-4723-85E0-966FA182BC5F}.AppStore|x86.ActiveCfg = Release|x86
		{1440912C-C6BC-4723-85E0-966FA182BC5F}.AppStore|x86.Build.0 = Release|x86
		{1440912C-C6BC-4723-85E0-966FA182BC5F}.AppStore|x86.Deploy.0 = Release|x86
		{1440912C-C6BC-4723-85E0-966FA182BC5F}.Debug|Any CPU.ActiveCfg = Debug|Any CPU
		{1440912C-C6BC-4723-85E0-966FA182BC5F}.Debug|Any CPU.Build.0 = Debug|Any CPU
		{1440912C-C6BC-4723-85E0-966FA182BC5F}.Debug|Any CPU.Deploy.0 = Debug|Any CPU
		{1440912C-C6BC-4723-85E0-966FA182BC5F}.Debug|ARM.ActiveCfg = Debug|ARM
		{1440912C-C6BC-4723-85E0-966FA182BC5F}.Debug|ARM.Build.0 = Debug|ARM
		{1440912C-C6BC-4723-85E0-966FA182BC5F}.Debug|ARM.Deploy.0 = Debug|ARM
		{1440912C-C6BC-4723-85E0-966FA182BC5F}.Debug|iPhone.ActiveCfg = Debug|Any CPU
		{1440912C-C6BC-4723-85E0-966FA182BC5F}.Debug|iPhone.Build.0 = Debug|Any CPU
		{1440912C-C6BC-4723-85E0-966FA182BC5F}.Debug|iPhone.Deploy.0 = Debug|Any CPU
		{1440912C-C6BC-4723-85E0-966FA182BC5F}.Debug|iPhoneSimulator.ActiveCfg = Debug|Any CPU
		{1440912C-C6BC-4723-85E0-966FA182BC5F}.Debug|iPhoneSimulator.Build.0 = Debug|Any CPU
		{1440912C-C6BC-4723-85E0-966FA182BC5F}.Debug|iPhoneSimulator.Deploy.0 = Debug|Any CPU
		{1440912C-C6BC-4723-85E0-966FA182BC5F}.Debug|x64.ActiveCfg = Debug|Any CPU
		{1440912C-C6BC-4723-85E0-966FA182BC5F}.Debug|x64.Build.0 = Debug|Any CPU
		{1440912C-C6BC-4723-85E0-966FA182BC5F}.Debug|x64.Deploy.0 = Debug|Any CPU
		{1440912C-C6BC-4723-85E0-966FA182BC5F}.Debug|x86.ActiveCfg = Debug|x86
		{1440912C-C6BC-4723-85E0-966FA182BC5F}.Debug|x86.Build.0 = Debug|x86
		{1440912C-C6BC-4723-85E0-966FA182BC5F}.Debug|x86.Deploy.0 = Debug|x86
		{1440912C-C6BC-4723-85E0-966FA182BC5F}.Release|Any CPU.ActiveCfg = Release|Any CPU
		{1440912C-C6BC-4723-85E0-966FA182BC5F}.Release|Any CPU.Build.0 = Release|Any CPU
		{1440912C-C6BC-4723-85E0-966FA182BC5F}.Release|Any CPU.Deploy.0 = Release|Any CPU
		{1440912C-C6BC-4723-85E0-966FA182BC5F}.Release|ARM.ActiveCfg = Release|ARM
		{1440912C-C6BC-4723-85E0-966FA182BC5F}.Release|ARM.Build.0 = Release|ARM
		{1440912C-C6BC-4723-85E0-966FA182BC5F}.Release|ARM.Deploy.0 = Release|ARM
		{1440912C-C6BC-4723-85E0-966FA182BC5F}.Release|iPhone.ActiveCfg = Release|Any CPU
		{1440912C-C6BC-4723-85E0-966FA182BC5F}.Release|iPhone.Build.0 = Release|Any CPU
		{1440912C-C6BC-4723-85E0-966FA182BC5F}.Release|iPhone.Deploy.0 = Release|Any CPU
		{1440912C-C6BC-4723-85E0-966FA182BC5F}.Release|iPhoneSimulator.ActiveCfg = Release|Any CPU
		{1440912C-C6BC-4723-85E0-966FA182BC5F}.Release|iPhoneSimulator.Build.0 = Release|Any CPU
		{1440912C-C6BC-4723-85E0-966FA182BC5F}.Release|iPhoneSimulator.Deploy.0 = Release|Any CPU
		{1440912C-C6BC-4723-85E0-966FA182BC5F}.Release|x64.ActiveCfg = Release|Any CPU
		{1440912C-C6BC-4723-85E0-966FA182BC5F}.Release|x64.Build.0 = Release|Any CPU
		{1440912C-C6BC-4723-85E0-966FA182BC5F}.Release|x64.Deploy.0 = Release|Any CPU
		{1440912C-C6BC-4723-85E0-966FA182BC5F}.Release|x86.ActiveCfg = Release|x86
		{1440912C-C6BC-4723-85E0-966FA182BC5F}.Release|x86.Build.0 = Release|x86
		{1440912C-C6BC-4723-85E0-966FA182BC5F}.Release|x86.Deploy.0 = Release|x86
		{CD74A140-F7A7-460E-A30B-22A181BA03BE}.Ad-Hoc|Any CPU.ActiveCfg = Release|Any CPU
		{CD74A140-F7A7-460E-A30B-22A181BA03BE}.Ad-Hoc|Any CPU.Build.0 = Release|Any CPU
		{CD74A140-F7A7-460E-A30B-22A181BA03BE}.Ad-Hoc|Any CPU.Deploy.0 = Release|Any CPU
		{CD74A140-F7A7-460E-A30B-22A181BA03BE}.Ad-Hoc|ARM.ActiveCfg = Release|ARM
		{CD74A140-F7A7-460E-A30B-22A181BA03BE}.Ad-Hoc|ARM.Build.0 = Release|ARM
		{CD74A140-F7A7-460E-A30B-22A181BA03BE}.Ad-Hoc|ARM.Deploy.0 = Release|ARM
		{CD74A140-F7A7-460E-A30B-22A181BA03BE}.Ad-Hoc|iPhone.ActiveCfg = Release|Any CPU
		{CD74A140-F7A7-460E-A30B-22A181BA03BE}.Ad-Hoc|iPhone.Build.0 = Release|Any CPU
		{CD74A140-F7A7-460E-A30B-22A181BA03BE}.Ad-Hoc|iPhone.Deploy.0 = Release|Any CPU
		{CD74A140-F7A7-460E-A30B-22A181BA03BE}.Ad-Hoc|iPhoneSimulator.ActiveCfg = Release|Any CPU
		{CD74A140-F7A7-460E-A30B-22A181BA03BE}.Ad-Hoc|iPhoneSimulator.Build.0 = Release|Any CPU
		{CD74A140-F7A7-460E-A30B-22A181BA03BE}.Ad-Hoc|iPhoneSimulator.Deploy.0 = Release|Any CPU
		{CD74A140-F7A7-460E-A30B-22A181BA03BE}.Ad-Hoc|x64.ActiveCfg = Release|x64
		{CD74A140-F7A7-460E-A30B-22A181BA03BE}.Ad-Hoc|x64.Build.0 = Release|x64
		{CD74A140-F7A7-460E-A30B-22A181BA03BE}.Ad-Hoc|x64.Deploy.0 = Release|x64
		{CD74A140-F7A7-460E-A30B-22A181BA03BE}.Ad-Hoc|x86.ActiveCfg = Release|x86
		{CD74A140-F7A7-460E-A30B-22A181BA03BE}.Ad-Hoc|x86.Build.0 = Release|x86
		{CD74A140-F7A7-460E-A30B-22A181BA03BE}.Ad-Hoc|x86.Deploy.0 = Release|x86
		{CD74A140-F7A7-460E-A30B-22A181BA03BE}.AppStore|Any CPU.ActiveCfg = Release|Any CPU
		{CD74A140-F7A7-460E-A30B-22A181BA03BE}.AppStore|Any CPU.Build.0 = Release|Any CPU
		{CD74A140-F7A7-460E-A30B-22A181BA03BE}.AppStore|Any CPU.Deploy.0 = Release|Any CPU
		{CD74A140-F7A7-460E-A30B-22A181BA03BE}.AppStore|ARM.ActiveCfg = Release|ARM
		{CD74A140-F7A7-460E-A30B-22A181BA03BE}.AppStore|ARM.Build.0 = Release|ARM
		{CD74A140-F7A7-460E-A30B-22A181BA03BE}.AppStore|ARM.Deploy.0 = Release|ARM
		{CD74A140-F7A7-460E-A30B-22A181BA03BE}.AppStore|iPhone.ActiveCfg = Release|Any CPU
		{CD74A140-F7A7-460E-A30B-22A181BA03BE}.AppStore|iPhone.Build.0 = Release|Any CPU
		{CD74A140-F7A7-460E-A30B-22A181BA03BE}.AppStore|iPhone.Deploy.0 = Release|Any CPU
		{CD74A140-F7A7-460E-A30B-22A181BA03BE}.AppStore|iPhoneSimulator.ActiveCfg = Release|Any CPU
		{CD74A140-F7A7-460E-A30B-22A181BA03BE}.AppStore|iPhoneSimulator.Build.0 = Release|Any CPU
		{CD74A140-F7A7-460E-A30B-22A181BA03BE}.AppStore|iPhoneSimulator.Deploy.0 = Release|Any CPU
		{CD74A140-F7A7-460E-A30B-22A181BA03BE}.AppStore|x64.ActiveCfg = Release|x64
		{CD74A140-F7A7-460E-A30B-22A181BA03BE}.AppStore|x64.Build.0 = Release|x64
		{CD74A140-F7A7-460E-A30B-22A181BA03BE}.AppStore|x64.Deploy.0 = Release|x64
		{CD74A140-F7A7-460E-A30B-22A181BA03BE}.AppStore|x86.ActiveCfg = Release|x86
		{CD74A140-F7A7-460E-A30B-22A181BA03BE}.AppStore|x86.Build.0 = Release|x86
		{CD74A140-F7A7-460E-A30B-22A181BA03BE}.AppStore|x86.Deploy.0 = Release|x86
		{CD74A140-F7A7-460E-A30B-22A181BA03BE}.Debug|Any CPU.ActiveCfg = Debug|Any CPU
		{CD74A140-F7A7-460E-A30B-22A181BA03BE}.Debug|Any CPU.Build.0 = Debug|Any CPU
		{CD74A140-F7A7-460E-A30B-22A181BA03BE}.Debug|Any CPU.Deploy.0 = Debug|Any CPU
		{CD74A140-F7A7-460E-A30B-22A181BA03BE}.Debug|ARM.ActiveCfg = Debug|ARM
		{CD74A140-F7A7-460E-A30B-22A181BA03BE}.Debug|ARM.Build.0 = Debug|ARM
		{CD74A140-F7A7-460E-A30B-22A181BA03BE}.Debug|ARM.Deploy.0 = Debug|ARM
		{CD74A140-F7A7-460E-A30B-22A181BA03BE}.Debug|iPhone.ActiveCfg = Debug|Any CPU
		{CD74A140-F7A7-460E-A30B-22A181BA03BE}.Debug|iPhone.Build.0 = Debug|Any CPU
		{CD74A140-F7A7-460E-A30B-22A181BA03BE}.Debug|iPhone.Deploy.0 = Debug|Any CPU
		{CD74A140-F7A7-460E-A30B-22A181BA03BE}.Debug|iPhoneSimulator.ActiveCfg = Debug|Any CPU
		{CD74A140-F7A7-460E-A30B-22A181BA03BE}.Debug|iPhoneSimulator.Build.0 = Debug|Any CPU
		{CD74A140-F7A7-460E-A30B-22A181BA03BE}.Debug|iPhoneSimulator.Deploy.0 = Debug|Any CPU
		{CD74A140-F7A7-460E-A30B-22A181BA03BE}.Debug|x64.ActiveCfg = Debug|x64
		{CD74A140-F7A7-460E-A30B-22A181BA03BE}.Debug|x64.Build.0 = Debug|x64
		{CD74A140-F7A7-460E-A30B-22A181BA03BE}.Debug|x64.Deploy.0 = Debug|x64
		{CD74A140-F7A7-460E-A30B-22A181BA03BE}.Debug|x86.ActiveCfg = Debug|x86
		{CD74A140-F7A7-460E-A30B-22A181BA03BE}.Debug|x86.Build.0 = Debug|x86
		{CD74A140-F7A7-460E-A30B-22A181BA03BE}.Debug|x86.Deploy.0 = Debug|x86
		{CD74A140-F7A7-460E-A30B-22A181BA03BE}.Release|Any CPU.ActiveCfg = Release|Any CPU
		{CD74A140-F7A7-460E-A30B-22A181BA03BE}.Release|Any CPU.Build.0 = Release|Any CPU
		{CD74A140-F7A7-460E-A30B-22A181BA03BE}.Release|Any CPU.Deploy.0 = Release|Any CPU
		{CD74A140-F7A7-460E-A30B-22A181BA03BE}.Release|ARM.ActiveCfg = Release|ARM
		{CD74A140-F7A7-460E-A30B-22A181BA03BE}.Release|ARM.Build.0 = Release|ARM
		{CD74A140-F7A7-460E-A30B-22A181BA03BE}.Release|ARM.Deploy.0 = Release|ARM
		{CD74A140-F7A7-460E-A30B-22A181BA03BE}.Release|iPhone.ActiveCfg = Release|Any CPU
		{CD74A140-F7A7-460E-A30B-22A181BA03BE}.Release|iPhone.Build.0 = Release|Any CPU
		{CD74A140-F7A7-460E-A30B-22A181BA03BE}.Release|iPhone.Deploy.0 = Release|Any CPU
		{CD74A140-F7A7-460E-A30B-22A181BA03BE}.Release|iPhoneSimulator.ActiveCfg = Release|Any CPU
		{CD74A140-F7A7-460E-A30B-22A181BA03BE}.Release|iPhoneSimulator.Build.0 = Release|Any CPU
		{CD74A140-F7A7-460E-A30B-22A181BA03BE}.Release|iPhoneSimulator.Deploy.0 = Release|Any CPU
		{CD74A140-F7A7-460E-A30B-22A181BA03BE}.Release|x64.ActiveCfg = Release|x64
		{CD74A140-F7A7-460E-A30B-22A181BA03BE}.Release|x64.Build.0 = Release|x64
		{CD74A140-F7A7-460E-A30B-22A181BA03BE}.Release|x64.Deploy.0 = Release|x64
		{CD74A140-F7A7-460E-A30B-22A181BA03BE}.Release|x86.ActiveCfg = Release|x86
		{CD74A140-F7A7-460E-A30B-22A181BA03BE}.Release|x86.Build.0 = Release|x86
		{CD74A140-F7A7-460E-A30B-22A181BA03BE}.Release|x86.Deploy.0 = Release|x86
	EndGlobalSection
	GlobalSection(SolutionProperties) = preSolution
		HideSolutionNode = FALSE
	EndGlobalSection
EndGlobal
